
Microsoft Visual Studio Solution File, Format Version 12.00
# Visual Studio 14
VisualStudioVersion = 14.0.25420.1
MinimumVisualStudioVersion = 10.0.40219.1
Project("{2150E333-8FDC-42A3-9474-1A3956D46DE8}") = "src", "src", "{0E5EBDFE-4B71-4D44-B667-7C78F938592D}"
EndProject
Project("{2150E333-8FDC-42A3-9474-1A3956D46DE8}") = "Solution Items", "Solution Items", "{E67BBBB2-E453-46A3-94E6-15EAA6A3068D}"
	ProjectSection(SolutionItems) = preProject
		.editorconfig = .editorconfig
		.gitattributes = .gitattributes
		.gitignore = .gitignore
		.travis.yml = .travis.yml
		CONTRIBUTORS.md = CONTRIBUTORS.md
		global.json = global.json
		LICENSE.md = LICENSE.md
		README.md = README.md
	EndProjectSection
EndProject
Project("{8BB2217D-0F2D-49D1-97BC-3654ED321F3B}") = "FEMR.WebAPI", "src\FEMR.WebAPI\FEMR.WebAPI.xproj", "{0E16987A-E46D-405B-B87A-278661972BDF}"
EndProject
Project("{8BB2217D-0F2D-49D1-97BC-3654ED321F3B}") = "FEMR.Core", "src\FEMR.Core\FEMR.Core.xproj", "{E51177B8-B661-4BB3-8750-9B0BDD474139}"
EndProject
Project("{8BB2217D-0F2D-49D1-97BC-3654ED321F3B}") = "FEMR.Commands", "src\FEMR.Commands\FEMR.Commands.xproj", "{F8FCED2C-A4AD-435C-9958-F2C076F470A1}"
EndProject
Project("{8BB2217D-0F2D-49D1-97BC-3654ED321F3B}") = "FEMR.DomainModels", "src\FEMR.DomainModels\FEMR.DomainModels.xproj", "{D888FD87-0A5D-4A17-A881-442843821386}"
EndProject
Project("{2150E333-8FDC-42A3-9474-1A3956D46DE8}") = "test", "test", "{18E3C639-D1C8-439D-9644-FA2634EA1722}"
EndProject
Project("{8BB2217D-0F2D-49D1-97BC-3654ED321F3B}") = "FEMR.Core.Tests", "test\FEMR.Core.Tests\FEMR.Core.Tests.xproj", "{8D48FAC6-C2A1-400A-B241-C3BCEEAFD58C}"
EndProject
Project("{8BB2217D-0F2D-49D1-97BC-3654ED321F3B}") = "FEMR.Commands.Tests", "test\FEMR.Commands.Tests\FEMR.Commands.Tests.xproj", "{90565E8B-A0B2-4D62-8C44-E92C81EF36F7}"
EndProject
Project("{8BB2217D-0F2D-49D1-97BC-3654ED321F3B}") = "FEMR.Queries", "src\FEMR.Queries\FEMR.Queries.xproj", "{01744814-7153-4318-A80F-B72620ECEADB}"
EndProject
Project("{8BB2217D-0F2D-49D1-97BC-3654ED321F3B}") = "FEMR.Queries.Tests", "test\FEMR.Queries.Tests\FEMR.Queries.Tests.xproj", "{328D9E66-9302-4927-8D2F-ABFCD3979DA6}"
EndProject
Project("{8BB2217D-0F2D-49D1-97BC-3654ED321F3B}") = "FEMR.DomainModels.Tests", "test\FEMR.DomainModels.Tests\FEMR.DomainModels.Tests.xproj", "{9C18A078-5C9F-49D0-AB3C-0AED1EFA173B}"
EndProject
Global
	GlobalSection(SolutionConfigurationPlatforms) = preSolution
		Debug|Any CPU = Debug|Any CPU
		Release|Any CPU = Release|Any CPU
	EndGlobalSection
	GlobalSection(ProjectConfigurationPlatforms) = postSolution
		{0E16987A-E46D-405B-B87A-278661972BDF}.Debug|Any CPU.ActiveCfg = Debug|Any CPU
		{0E16987A-E46D-405B-B87A-278661972BDF}.Debug|Any CPU.Build.0 = Debug|Any CPU
		{0E16987A-E46D-405B-B87A-278661972BDF}.Release|Any CPU.ActiveCfg = Release|Any CPU
		{0E16987A-E46D-405B-B87A-278661972BDF}.Release|Any CPU.Build.0 = Release|Any CPU
		{E51177B8-B661-4BB3-8750-9B0BDD474139}.Debug|Any CPU.ActiveCfg = Debug|Any CPU
		{E51177B8-B661-4BB3-8750-9B0BDD474139}.Debug|Any CPU.Build.0 = Debug|Any CPU
		{E51177B8-B661-4BB3-8750-9B0BDD474139}.Release|Any CPU.ActiveCfg = Release|Any CPU
		{E51177B8-B661-4BB3-8750-9B0BDD474139}.Release|Any CPU.Build.0 = Release|Any CPU
		{F8FCED2C-A4AD-435C-9958-F2C076F470A1}.Debug|Any CPU.ActiveCfg = Debug|Any CPU
		{F8FCED2C-A4AD-435C-9958-F2C076F470A1}.Debug|Any CPU.Build.0 = Debug|Any CPU
		{F8FCED2C-A4AD-435C-9958-F2C076F470A1}.Release|Any CPU.ActiveCfg = Release|Any CPU
		{F8FCED2C-A4AD-435C-9958-F2C076F470A1}.Release|Any CPU.Build.0 = Release|Any CPU
		{D888FD87-0A5D-4A17-A881-442843821386}.Debug|Any CPU.ActiveCfg = Debug|Any CPU
		{D888FD87-0A5D-4A17-A881-442843821386}.Debug|Any CPU.Build.0 = Debug|Any CPU
		{D888FD87-0A5D-4A17-A881-442843821386}.Release|Any CPU.ActiveCfg = Release|Any CPU
		{D888FD87-0A5D-4A17-A881-442843821386}.Release|Any CPU.Build.0 = Release|Any CPU
		{8D48FAC6-C2A1-400A-B241-C3BCEEAFD58C}.Debug|Any CPU.ActiveCfg = Debug|Any CPU
		{8D48FAC6-C2A1-400A-B241-C3BCEEAFD58C}.Debug|Any CPU.Build.0 = Debug|Any CPU
		{8D48FAC6-C2A1-400A-B241-C3BCEEAFD58C}.Release|Any CPU.ActiveCfg = Release|Any CPU
		{8D48FAC6-C2A1-400A-B241-C3BCEEAFD58C}.Release|Any CPU.Build.0 = Release|Any CPU
		{90565E8B-A0B2-4D62-8C44-E92C81EF36F7}.Debug|Any CPU.ActiveCfg = Debug|Any CPU
		{90565E8B-A0B2-4D62-8C44-E92C81EF36F7}.Debug|Any CPU.Build.0 = Debug|Any CPU
		{90565E8B-A0B2-4D62-8C44-E92C81EF36F7}.Release|Any CPU.ActiveCfg = Release|Any CPU
		{90565E8B-A0B2-4D62-8C44-E92C81EF36F7}.Release|Any CPU.Build.0 = Release|Any CPU
		{01744814-7153-4318-A80F-B72620ECEADB}.Debug|Any CPU.ActiveCfg = Debug|Any CPU
		{01744814-7153-4318-A80F-B72620ECEADB}.Debug|Any CPU.Build.0 = Debug|Any CPU
		{01744814-7153-4318-A80F-B72620ECEADB}.Release|Any CPU.ActiveCfg = Release|Any CPU
		{01744814-7153-4318-A80F-B72620ECEADB}.Release|Any CPU.Build.0 = Release|Any CPU
		{328D9E66-9302-4927-8D2F-ABFCD3979DA6}.Debug|Any CPU.ActiveCfg = Debug|Any CPU
		{328D9E66-9302-4927-8D2F-ABFCD3979DA6}.Debug|Any CPU.Build.0 = Debug|Any CPU
		{328D9E66-9302-4927-8D2F-ABFCD3979DA6}.Release|Any CPU.ActiveCfg = Release|Any CPU
		{328D9E66-9302-4927-8D2F-ABFCD3979DA6}.Release|Any CPU.Build.0 = Release|Any CPU
		{9C18A078-5C9F-49D0-AB3C-0AED1EFA173B}.Debug|Any CPU.ActiveCfg = Debug|Any CPU
		{9C18A078-5C9F-49D0-AB3C-0AED1EFA173B}.Debug|Any CPU.Build.0 = Debug|Any CPU
		{9C18A078-5C9F-49D0-AB3C-0AED1EFA173B}.Release|Any CPU.ActiveCfg = Release|Any CPU
		{9C18A078-5C9F-49D0-AB3C-0AED1EFA173B}.Release|Any CPU.Build.0 = Release|Any CPU
	EndGlobalSection
	GlobalSection(SolutionProperties) = preSolution
		HideSolutionNode = FALSE
	EndGlobalSection
	GlobalSection(NestedProjects) = preSolution
		{0E16987A-E46D-405B-B87A-278661972BDF} = {0E5EBDFE-4B71-4D44-B667-7C78F938592D}
		{E51177B8-B661-4BB3-8750-9B0BDD474139} = {0E5EBDFE-4B71-4D44-B667-7C78F938592D}
		{F8FCED2C-A4AD-435C-9958-F2C076F470A1} = {0E5EBDFE-4B71-4D44-B667-7C78F938592D}
		{D888FD87-0A5D-4A17-A881-442843821386} = {0E5EBDFE-4B71-4D44-B667-7C78F938592D}
		{8D48FAC6-C2A1-400A-B241-C3BCEEAFD58C} = {18E3C639-D1C8-439D-9644-FA2634EA1722}
		{90565E8B-A0B2-4D62-8C44-E92C81EF36F7} = {18E3C639-D1C8-439D-9644-FA2634EA1722}
		{01744814-7153-4318-A80F-B72620ECEADB} = {0E5EBDFE-4B71-4D44-B667-7C78F938592D}
		{328D9E66-9302-4927-8D2F-ABFCD3979DA6} = {18E3C639-D1C8-439D-9644-FA2634EA1722}
		{9C18A078-5C9F-49D0-AB3C-0AED1EFA173B} = {18E3C639-D1C8-439D-9644-FA2634EA1722}
	EndGlobalSection
EndGlobal
